
Microsoft Visual Studio Solution File, Format Version 12.00
# Visual Studio Version 16
VisualStudioVersion = 16.0.30621.155
MinimumVisualStudioVersion = 15.0.26124.0
Project("{9A19103F-16F7-4668-BE54-9A1E7A4F7556}") = "testconsole", "testconsole\testconsole.csproj", "{C8C2F2D4-F74B-4BFC-8E98-547A720F7A5C}"
EndProject
Project("{9A19103F-16F7-4668-BE54-9A1E7A4F7556}") = "testwebapp", "testwebapp\testwebapp.csproj", "{2DBE412F-9319-4E96-877A-EFA0615AED47}"
EndProject
Project("{9A19103F-16F7-4668-BE54-9A1E7A4F7556}") = "testwebapi", "testwebapi\testwebapi.csproj", "{CB403378-0BE5-4617-AAB5-23768D3DBE74}"
EndProject
Project("{9A19103F-16F7-4668-BE54-9A1E7A4F7556}") = "testwebchat", "testwebchat\testwebchat.csproj", "{DFFE809C-A980-4FD5-B703-C44798F7BD06}"
EndProject
Project("{9A19103F-16F7-4668-BE54-9A1E7A4F7556}") = "testwebapprere", "testwebapprere\testwebapprere.csproj", "{855FAC0F-8436-44C2-982C-00C22EB8C2D2}"
EndProject
Project("{9A19103F-16F7-4668-BE54-9A1E7A4F7556}") = "testhmaclient", "testhmaclient\testhmaclient.csproj", "{600A9D43-66AD-498F-8D40-2E3B8B20D49E}"
EndProject
Project("{9A19103F-16F7-4668-BE54-9A1E7A4F7556}") = "testhmacapi", "testhmacapi\testhmacapi.csproj", "{E9FB21D3-1442-461B-9B45-A12FE7F1B440}"
EndProject
Project("{9A19103F-16F7-4668-BE54-9A1E7A4F7556}") = "BattleshipsService", "BattleshipsService\BattleshipsService.csproj", "{A2C99EE1-F6A2-4557-A34A-E2E7671E0AE9}"
EndProject
Project("{FAE04EC0-301F-11D3-BF4B-00C04F79EFBC}") = "testneo4j", "testneo4j\testneo4j.csproj", "{8AD9EE73-1A3F-4EF7-BE4B-6910DE213B37}"
EndProject
Global
	GlobalSection(SolutionConfigurationPlatforms) = preSolution
		Debug|Any CPU = Debug|Any CPU
		Debug|x64 = Debug|x64
		Debug|x86 = Debug|x86
		Release|Any CPU = Release|Any CPU
		Release|x64 = Release|x64
		Release|x86 = Release|x86
	EndGlobalSection
	GlobalSection(ProjectConfigurationPlatforms) = postSolution
		{C8C2F2D4-F74B-4BFC-8E98-547A720F7A5C}.Debug|Any CPU.ActiveCfg = Debug|Any CPU
		{C8C2F2D4-F74B-4BFC-8E98-547A720F7A5C}.Debug|Any CPU.Build.0 = Debug|Any CPU
		{C8C2F2D4-F74B-4BFC-8E98-547A720F7A5C}.Debug|x64.ActiveCfg = Debug|Any CPU
		{C8C2F2D4-F74B-4BFC-8E98-547A720F7A5C}.Debug|x64.Build.0 = Debug|Any CPU
		{C8C2F2D4-F74B-4BFC-8E98-547A720F7A5C}.Debug|x86.ActiveCfg = Debug|Any CPU
		{C8C2F2D4-F74B-4BFC-8E98-547A720F7A5C}.Debug|x86.Build.0 = Debug|Any CPU
		{C8C2F2D4-F74B-4BFC-8E98-547A720F7A5C}.Release|Any CPU.ActiveCfg = Release|Any CPU
		{C8C2F2D4-F74B-4BFC-8E98-547A720F7A5C}.Release|Any CPU.Build.0 = Release|Any CPU
		{C8C2F2D4-F74B-4BFC-8E98-547A720F7A5C}.Release|x64.ActiveCfg = Release|Any CPU
		{C8C2F2D4-F74B-4BFC-8E98-547A720F7A5C}.Release|x64.Build.0 = Release|Any CPU
		{C8C2F2D4-F74B-4BFC-8E98-547A720F7A5C}.Release|x86.ActiveCfg = Release|Any CPU
		{C8C2F2D4-F74B-4BFC-8E98-547A720F7A5C}.Release|x86.Build.0 = Release|Any CPU
		{2DBE412F-9319-4E96-877A-EFA0615AED47}.Debug|Any CPU.ActiveCfg = Debug|Any CPU
		{2DBE412F-9319-4E96-877A-EFA0615AED47}.Debug|Any CPU.Build.0 = Debug|Any CPU
		{2DBE412F-9319-4E96-877A-EFA0615AED47}.Debug|x64.ActiveCfg = Debug|Any CPU
		{2DBE412F-9319-4E96-877A-EFA0615AED47}.Debug|x64.Build.0 = Debug|Any CPU
		{2DBE412F-9319-4E96-877A-EFA0615AED47}.Debug|x86.ActiveCfg = Debug|Any CPU
		{2DBE412F-9319-4E96-877A-EFA0615AED47}.Debug|x86.Build.0 = Debug|Any CPU
		{2DBE412F-9319-4E96-877A-EFA0615AED47}.Release|Any CPU.ActiveCfg = Release|Any CPU
		{2DBE412F-9319-4E96-877A-EFA0615AED47}.Release|Any CPU.Build.0 = Release|Any CPU
		{2DBE412F-9319-4E96-877A-EFA0615AED47}.Release|x64.ActiveCfg = Release|Any CPU
		{2DBE412F-9319-4E96-877A-EFA0615AED47}.Release|x64.Build.0 = Release|Any CPU
		{2DBE412F-9319-4E96-877A-EFA0615AED47}.Release|x86.ActiveCfg = Release|Any CPU
		{2DBE412F-9319-4E96-877A-EFA0615AED47}.Release|x86.Build.0 = Release|Any CPU
		{CB403378-0BE5-4617-AAB5-23768D3DBE74}.Debug|Any CPU.ActiveCfg = Debug|Any CPU
		{CB403378-0BE5-4617-AAB5-23768D3DBE74}.Debug|Any CPU.Build.0 = Debug|Any CPU
		{CB403378-0BE5-4617-AAB5-23768D3DBE74}.Debug|x64.ActiveCfg = Debug|Any CPU
		{CB403378-0BE5-4617-AAB5-23768D3DBE74}.Debug|x64.Build.0 = Debug|Any CPU
		{CB403378-0BE5-4617-AAB5-23768D3DBE74}.Debug|x86.ActiveCfg = Debug|Any CPU
		{CB403378-0BE5-4617-AAB5-23768D3DBE74}.Debug|x86.Build.0 = Debug|Any CPU
		{CB403378-0BE5-4617-AAB5-23768D3DBE74}.Release|Any CPU.ActiveCfg = Release|Any CPU
		{CB403378-0BE5-4617-AAB5-23768D3DBE74}.Release|Any CPU.Build.0 = Release|Any CPU
		{CB403378-0BE5-4617-AAB5-23768D3DBE74}.Release|x64.ActiveCfg = Release|Any CPU
		{CB403378-0BE5-4617-AAB5-23768D3DBE74}.Release|x64.Build.0 = Release|Any CPU
		{CB403378-0BE5-4617-AAB5-23768D3DBE74}.Release|x86.ActiveCfg = Release|Any CPU
		{CB403378-0BE5-4617-AAB5-23768D3DBE74}.Release|x86.Build.0 = Release|Any CPU
		{DFFE809C-A980-4FD5-B703-C44798F7BD06}.Debug|Any CPU.ActiveCfg = Debug|Any CPU
		{DFFE809C-A980-4FD5-B703-C44798F7BD06}.Debug|Any CPU.Build.0 = Debug|Any CPU
		{DFFE809C-A980-4FD5-B703-C44798F7BD06}.Debug|x64.ActiveCfg = Debug|Any CPU
		{DFFE809C-A980-4FD5-B703-C44798F7BD06}.Debug|x64.Build.0 = Debug|Any CPU
		{DFFE809C-A980-4FD5-B703-C44798F7BD06}.Debug|x86.ActiveCfg = Debug|Any CPU
		{DFFE809C-A980-4FD5-B703-C44798F7BD06}.Debug|x86.Build.0 = Debug|Any CPU
		{DFFE809C-A980-4FD5-B703-C44798F7BD06}.Release|Any CPU.ActiveCfg = Release|Any CPU
		{DFFE809C-A980-4FD5-B703-C44798F7BD06}.Release|Any CPU.Build.0 = Release|Any CPU
		{DFFE809C-A980-4FD5-B703-C44798F7BD06}.Release|x64.ActiveCfg = Release|Any CPU
		{DFFE809C-A980-4FD5-B703-C44798F7BD06}.Release|x64.Build.0 = Release|Any CPU
		{DFFE809C-A980-4FD5-B703-C44798F7BD06}.Release|x86.ActiveCfg = Release|Any CPU
		{DFFE809C-A980-4FD5-B703-C44798F7BD06}.Release|x86.Build.0 = Release|Any CPU
		{855FAC0F-8436-44C2-982C-00C22EB8C2D2}.Debug|Any CPU.ActiveCfg = Debug|Any CPU
		{855FAC0F-8436-44C2-982C-00C22EB8C2D2}.Debug|Any CPU.Build.0 = Debug|Any CPU
		{855FAC0F-8436-44C2-982C-00C22EB8C2D2}.Debug|x64.ActiveCfg = Debug|Any CPU
		{855FAC0F-8436-44C2-982C-00C22EB8C2D2}.Debug|x64.Build.0 = Debug|Any CPU
		{855FAC0F-8436-44C2-982C-00C22EB8C2D2}.Debug|x86.ActiveCfg = Debug|Any CPU
		{855FAC0F-8436-44C2-982C-00C22EB8C2D2}.Debug|x86.Build.0 = Debug|Any CPU
		{855FAC0F-8436-44C2-982C-00C22EB8C2D2}.Release|Any CPU.ActiveCfg = Release|Any CPU
		{855FAC0F-8436-44C2-982C-00C22EB8C2D2}.Release|Any CPU.Build.0 = Release|Any CPU
		{855FAC0F-8436-44C2-982C-00C22EB8C2D2}.Release|x64.ActiveCfg = Release|Any CPU
		{855FAC0F-8436-44C2-982C-00C22EB8C2D2}.Release|x64.Build.0 = Release|Any CPU
		{855FAC0F-8436-44C2-982C-00C22EB8C2D2}.Release|x86.ActiveCfg = Release|Any CPU
		{855FAC0F-8436-44C2-982C-00C22EB8C2D2}.Release|x86.Build.0 = Release|Any CPU
		{600A9D43-66AD-498F-8D40-2E3B8B20D49E}.Debug|Any CPU.ActiveCfg = Debug|Any CPU
		{600A9D43-66AD-498F-8D40-2E3B8B20D49E}.Debug|Any CPU.Build.0 = Debug|Any CPU
		{600A9D43-66AD-498F-8D40-2E3B8B20D49E}.Debug|x64.ActiveCfg = Debug|Any CPU
		{600A9D43-66AD-498F-8D40-2E3B8B20D49E}.Debug|x64.Build.0 = Debug|Any CPU
		{600A9D43-66AD-498F-8D40-2E3B8B20D49E}.Debug|x86.ActiveCfg = Debug|Any CPU
		{600A9D43-66AD-498F-8D40-2E3B8B20D49E}.Debug|x86.Build.0 = Debug|Any CPU
		{600A9D43-66AD-498F-8D40-2E3B8B20D49E}.Release|Any CPU.ActiveCfg = Release|Any CPU
		{600A9D43-66AD-498F-8D40-2E3B8B20D49E}.Release|Any CPU.Build.0 = Release|Any CPU
		{600A9D43-66AD-498F-8D40-2E3B8B20D49E}.Release|x64.ActiveCfg = Release|Any CPU
		{600A9D43-66AD-498F-8D40-2E3B8B20D49E}.Release|x64.Build.0 = Release|Any CPU
		{600A9D43-66AD-498F-8D40-2E3B8B20D49E}.Release|x86.ActiveCfg = Release|Any CPU
		{600A9D43-66AD-498F-8D40-2E3B8B20D49E}.Release|x86.Build.0 = Release|Any CPU
		{E9FB21D3-1442-461B-9B45-A12FE7F1B440}.Debug|Any CPU.ActiveCfg = Debug|Any CPU
		{E9FB21D3-1442-461B-9B45-A12FE7F1B440}.Debug|Any CPU.Build.0 = Debug|Any CPU
		{E9FB21D3-1442-461B-9B45-A12FE7F1B440}.Debug|x64.ActiveCfg = Debug|Any CPU
		{E9FB21D3-1442-461B-9B45-A12FE7F1B440}.Debug|x64.Build.0 = Debug|Any CPU
		{E9FB21D3-1442-461B-9B45-A12FE7F1B440}.Debug|x86.ActiveCfg = Debug|Any CPU
		{E9FB21D3-1442-461B-9B45-A12FE7F1B440}.Debug|x86.Build.0 = Debug|Any CPU
		{E9FB21D3-1442-461B-9B45-A12FE7F1B440}.Release|Any CPU.ActiveCfg = Release|Any CPU
		{E9FB21D3-1442-461B-9B45-A12FE7F1B440}.Release|Any CPU.Build.0 = Release|Any CPU
		{E9FB21D3-1442-461B-9B45-A12FE7F1B440}.Release|x64.ActiveCfg = Release|Any CPU
		{E9FB21D3-1442-461B-9B45-A12FE7F1B440}.Release|x64.Build.0 = Release|Any CPU
		{E9FB21D3-1442-461B-9B45-A12FE7F1B440}.Release|x86.ActiveCfg = Release|Any CPU
		{E9FB21D3-1442-461B-9B45-A12FE7F1B440}.Release|x86.Build.0 = Release|Any CPU
		{A2C99EE1-F6A2-4557-A34A-E2E7671E0AE9}.Debug|Any CPU.ActiveCfg = Debug|Any CPU
		{A2C99EE1-F6A2-4557-A34A-E2E7671E0AE9}.Debug|Any CPU.Build.0 = Debug|Any CPU
		{A2C99EE1-F6A2-4557-A34A-E2E7671E0AE9}.Debug|x64.ActiveCfg = Debug|Any CPU
		{A2C99EE1-F6A2-4557-A34A-E2E7671E0AE9}.Debug|x64.Build.0 = Debug|Any CPU
		{A2C99EE1-F6A2-4557-A34A-E2E7671E0AE9}.Debug|x86.ActiveCfg = Debug|Any CPU
		{A2C99EE1-F6A2-4557-A34A-E2E7671E0AE9}.Debug|x86.Build.0 = Debug|Any CPU
		{A2C99EE1-F6A2-4557-A34A-E2E7671E0AE9}.Release|Any CPU.ActiveCfg = Release|Any CPU
		{A2C99EE1-F6A2-4557-A34A-E2E7671E0AE9}.Release|Any CPU.Build.0 = Release|Any CPU
		{A2C99EE1-F6A2-4557-A34A-E2E7671E0AE9}.Release|x64.ActiveCfg = Release|Any CPU
		{A2C99EE1-F6A2-4557-A34A-E2E7671E0AE9}.Release|x64.Build.0 = Release|Any CPU
		{A2C99EE1-F6A2-4557-A34A-E2E7671E0AE9}.Release|x86.ActiveCfg = Release|Any CPU
		{A2C99EE1-F6A2-4557-A34A-E2E7671E0AE9}.Release|x86.Build.0 = Release|Any CPU
		{8AD9EE73-1A3F-4EF7-BE4B-6910DE213B37}.Debug|Any CPU.ActiveCfg = Debug|Any CPU
		{8AD9EE73-1A3F-4EF7-BE4B-6910DE213B37}.Debug|Any CPU.Build.0 = Debug|Any CPU
		{8AD9EE73-1A3F-4EF7-BE4B-6910DE213B37}.Debug|x64.ActiveCfg = Debug|Any CPU
		{8AD9EE73-1A3F-4EF7-BE4B-6910DE213B37}.Debug|x64.Build.0 = Debug|Any CPU
		{8AD9EE73-1A3F-4EF7-BE4B-6910DE213B37}.Debug|x86.ActiveCfg = Debug|Any CPU
		{8AD9EE73-1A3F-4EF7-BE4B-6910DE213B37}.Debug|x86.Build.0 = Debug|Any CPU
		{8AD9EE73-1A3F-4EF7-BE4B-6910DE213B37}.Release|Any CPU.ActiveCfg = Release|Any CPU
		{8AD9EE73-1A3F-4EF7-BE4B-6910DE213B37}.Release|Any CPU.Build.0 = Release|Any CPU
		{8AD9EE73-1A3F-4EF7-BE4B-6910DE213B37}.Release|x64.ActiveCfg = Release|Any CPU
		{8AD9EE73-1A3F-4EF7-BE4B-6910DE213B37}.Release|x64.Build.0 = Release|Any CPU
		{8AD9EE73-1A3F-4EF7-BE4B-6910DE213B37}.Release|x86.ActiveCfg = Release|Any CPU
		{8AD9EE73-1A3F-4EF7-BE4B-6910DE213B37}.Release|x86.Build.0 = Release|Any CPU
	EndGlobalSection
	GlobalSection(SolutionProperties) = preSolution
		HideSolutionNode = FALSE
	EndGlobalSection
	GlobalSection(ExtensibilityGlobals) = postSolution
		SolutionGuid = {6F2B2023-1F60-44DC-96CF-C761954674EF}
	EndGlobalSection
EndGlobal
